
Microsoft Visual Studio Solution File, Format Version 12.00
# Visual Studio Version 17
VisualStudioVersion = 17.8.34408.163
MinimumVisualStudioVersion = 10.0.40219.1
Project("{9A19103F-16F7-4668-BE54-9A1E7A4F7556}") = "WpfApp1", "WpfApp1\WpfApp1.csproj", "{84A0C8D4-AB56-4EB2-911B-EA4852352068}"
EndProject
Project("{FAE04EC0-301F-11D3-BF4B-00C04F79EFBC}") = "Entity", "Entity\Entity.csproj", "{B54624A1-C339-4B74-941D-2E0B34504642}"
EndProject
Project("{FAE04EC0-301F-11D3-BF4B-00C04F79EFBC}") = "Repository", "Repository\Repository.csproj", "{0F6C6225-EB25-43ED-AAE1-39AC74A5171A}"
EndProject
Project("{FAE04EC0-301F-11D3-BF4B-00C04F79EFBC}") = "Usecase", "Usecase\Usecase.csproj", "{B8745E7F-894D-4C0E-8B33-7FC60797CDFE}"
EndProject
Global
	GlobalSection(SolutionConfigurationPlatforms) = preSolution
		Debug|Any CPU = Debug|Any CPU
		Release|Any CPU = Release|Any CPU
	EndGlobalSection
	GlobalSection(ProjectConfigurationPlatforms) = postSolution
		{84A0C8D4-AB56-4EB2-911B-EA4852352068}.Debug|Any CPU.ActiveCfg = Debug|Any CPU
		{84A0C8D4-AB56-4EB2-911B-EA4852352068}.Debug|Any CPU.Build.0 = Debug|Any CPU
		{84A0C8D4-AB56-4EB2-911B-EA4852352068}.Release|Any CPU.ActiveCfg = Release|Any CPU
		{84A0C8D4-AB56-4EB2-911B-EA4852352068}.Release|Any CPU.Build.0 = Release|Any CPU
		{B54624A1-C339-4B74-941D-2E0B34504642}.Debug|Any CPU.ActiveCfg = Debug|Any CPU
		{B54624A1-C339-4B74-941D-2E0B34504642}.Debug|Any CPU.Build.0 = Debug|Any CPU
		{B54624A1-C339-4B74-941D-2E0B34504642}.Release|Any CPU.ActiveCfg = Release|Any CPU
		{B54624A1-C339-4B74-941D-2E0B34504642}.Release|Any CPU.Build.0 = Release|Any CPU
		{0F6C6225-EB25-43ED-AAE1-39AC74A5171A}.Debug|Any CPU.ActiveCfg = Debug|Any CPU
		{0F6C6225-EB25-43ED-AAE1-39AC74A5171A}.Debug|Any CPU.Build.0 = Debug|Any CPU
		{0F6C6225-EB25-43ED-AAE1-39AC74A5171A}.Release|Any CPU.ActiveCfg = Release|Any CPU
		{0F6C6225-EB25-43ED-AAE1-39AC74A5171A}.Release|Any CPU.Build.0 = Release|Any CPU
		{B8745E7F-894D-4C0E-8B33-7FC60797CDFE}.Debug|Any CPU.ActiveCfg = Debug|Any CPU
		{B8745E7F-894D-4C0E-8B33-7FC60797CDFE}.Debug|Any CPU.Build.0 = Debug|Any CPU
		{B8745E7F-894D-4C0E-8B33-7FC60797CDFE}.Release|Any CPU.ActiveCfg = Release|Any CPU
		{B8745E7F-894D-4C0E-8B33-7FC60797CDFE}.Release|Any CPU.Build.0 = Release|Any CPU
	EndGlobalSection
	GlobalSection(SolutionProperties) = preSolution
		HideSolutionNode = FALSE
	EndGlobalSection
	GlobalSection(ExtensibilityGlobals) = postSolution
		SolutionGuid = {09761029-DC78-4209-9146-CA9009A0978C}
	EndGlobalSection
EndGlobal
